
Microsoft Visual Studio Solution File, Format Version 12.00
# Visual Studio Version 16
VisualStudioVersion = 16.0.29519.87
MinimumVisualStudioVersion = 10.0.40219.1
Project("{9A19103F-16F7-4668-BE54-9A1E7A4F7556}") = "Blazor.Dev.Blog", "Blazor.Dev.Blog\Blazor.Dev.Blog.csproj", "{1714F25E-8232-409A-A921-9023F40BF155}"
EndProject
Project("{9A19103F-16F7-4668-BE54-9A1E7A4F7556}") = "Blazor.Dev.Blog.Models", "Blazor.Dev.Blog.Models\Blazor.Dev.Blog.Models.csproj", "{4C55A627-D47C-476B-8CA6-D5949142D2E7}"
EndProject
Project("{9A19103F-16F7-4668-BE54-9A1E7A4F7556}") = "Blazor.Dev.Blog.LuceneIndex.Manager", "Blazor.Dev.Blog.LuceneManager\Blazor.Dev.Blog.LuceneIndex.Manager.csproj", "{2D029711-E06D-4EDA-94B3-775FC10E49C0}"
EndProject
Project("{9A19103F-16F7-4668-BE54-9A1E7A4F7556}") = "Blazor.Dev.Blog.LuceneIndex", "Blazor.Dev.Blog.Lucene\Blazor.Dev.Blog.LuceneIndex.csproj", "{5900DDEC-091C-46C6-A547-B2A7C26B9F81}"
EndProject
Global
	GlobalSection(SolutionConfigurationPlatforms) = preSolution
		Debug|Any CPU = Debug|Any CPU
		Release|Any CPU = Release|Any CPU
	EndGlobalSection
	GlobalSection(ProjectConfigurationPlatforms) = postSolution
		{1714F25E-8232-409A-A921-9023F40BF155}.Debug|Any CPU.ActiveCfg = Debug|Any CPU
		{1714F25E-8232-409A-A921-9023F40BF155}.Debug|Any CPU.Build.0 = Debug|Any CPU
		{1714F25E-8232-409A-A921-9023F40BF155}.Release|Any CPU.ActiveCfg = Release|Any CPU
		{1714F25E-8232-409A-A921-9023F40BF155}.Release|Any CPU.Build.0 = Release|Any CPU
		{4C55A627-D47C-476B-8CA6-D5949142D2E7}.Debug|Any CPU.ActiveCfg = Debug|Any CPU
		{4C55A627-D47C-476B-8CA6-D5949142D2E7}.Debug|Any CPU.Build.0 = Debug|Any CPU
		{4C55A627-D47C-476B-8CA6-D5949142D2E7}.Release|Any CPU.ActiveCfg = Release|Any CPU
		{4C55A627-D47C-476B-8CA6-D5949142D2E7}.Release|Any CPU.Build.0 = Release|Any CPU
		{2D029711-E06D-4EDA-94B3-775FC10E49C0}.Debug|Any CPU.ActiveCfg = Debug|Any CPU
		{2D029711-E06D-4EDA-94B3-775FC10E49C0}.Debug|Any CPU.Build.0 = Debug|Any CPU
		{2D029711-E06D-4EDA-94B3-775FC10E49C0}.Release|Any CPU.ActiveCfg = Release|Any CPU
		{2D029711-E06D-4EDA-94B3-775FC10E49C0}.Release|Any CPU.Build.0 = Release|Any CPU
		{5900DDEC-091C-46C6-A547-B2A7C26B9F81}.Debug|Any CPU.ActiveCfg = Debug|Any CPU
		{5900DDEC-091C-46C6-A547-B2A7C26B9F81}.Debug|Any CPU.Build.0 = Debug|Any CPU
		{5900DDEC-091C-46C6-A547-B2A7C26B9F81}.Release|Any CPU.ActiveCfg = Release|Any CPU
		{5900DDEC-091C-46C6-A547-B2A7C26B9F81}.Release|Any CPU.Build.0 = Release|Any CPU
	EndGlobalSection
	GlobalSection(SolutionProperties) = preSolution
		HideSolutionNode = FALSE
	EndGlobalSection
	GlobalSection(ExtensibilityGlobals) = postSolution
		SolutionGuid = {9BBB3A05-82C4-40D6-8FFE-A7DC9E60C303}
	EndGlobalSection
EndGlobal
